
Microsoft Visual Studio Solution File, Format Version 12.00
# Visual Studio Version 16
VisualStudioVersion = 16.0.31105.61
MinimumVisualStudioVersion = 10.0.40219.1
Project("{9A19103F-16F7-4668-BE54-9A1E7A4F7556}") = "ITMO.ASP.NET.Razor.Lab", "ITMO.ASP.NET.Razor.Lab.csproj", "{89AD8BC1-8D7C-4B38-836D-FBDA2DC84E83}"
EndProject
Global
	GlobalSection(SolutionConfigurationPlatforms) = preSolution
		Debug|Any CPU = Debug|Any CPU
		Release|Any CPU = Release|Any CPU
	EndGlobalSection
	GlobalSection(ProjectConfigurationPlatforms) = postSolution
		{89AD8BC1-8D7C-4B38-836D-FBDA2DC84E83}.Debug|Any CPU.ActiveCfg = Debug|Any CPU
		{89AD8BC1-8D7C-4B38-836D-FBDA2DC84E83}.Debug|Any CPU.Build.0 = Debug|Any CPU
		{89AD8BC1-8D7C-4B38-836D-FBDA2DC84E83}.Release|Any CPU.ActiveCfg = Release|Any CPU
		{89AD8BC1-8D7C-4B38-836D-FBDA2DC84E83}.Release|Any CPU.Build.0 = Release|Any CPU
	EndGlobalSection
	GlobalSection(SolutionProperties) = preSolution
		HideSolutionNode = FALSE
	EndGlobalSection
	GlobalSection(ExtensibilityGlobals) = postSolution
		SolutionGuid = {C9903300-9A28-4E17-B91A-D5F84449D88F}
	EndGlobalSection
EndGlobal
